
Microsoft Visual Studio Solution File, Format Version 12.00
# Visual Studio Version 17
VisualStudioVersion = 17.2.32616.157
MinimumVisualStudioVersion = 10.0.40219.1
Project("{FAE04EC0-301F-11D3-BF4B-00C04F79EFBC}") = "bai1", "bai1\bai1.csproj", "{2AE81786-76D2-472F-A0CB-3CCF867DF89B}"
EndProject
Project("{FAE04EC0-301F-11D3-BF4B-00C04F79EFBC}") = "bai2", "bai2\bai2.csproj", "{C189E483-A540-4878-9536-019A30ACCD87}"
EndProject
Project("{FAE04EC0-301F-11D3-BF4B-00C04F79EFBC}") = "bai3", "bai3\bai3.csproj", "{AF86FA83-016E-47A6-9335-7BA897FEBE9E}"
EndProject
Global
	GlobalSection(SolutionConfigurationPlatforms) = preSolution
		Debug|Any CPU = Debug|Any CPU
		Release|Any CPU = Release|Any CPU
	EndGlobalSection
	GlobalSection(ProjectConfigurationPlatforms) = postSolution
		{2AE81786-76D2-472F-A0CB-3CCF867DF89B}.Debug|Any CPU.ActiveCfg = Debug|Any CPU
		{2AE81786-76D2-472F-A0CB-3CCF867DF89B}.Debug|Any CPU.Build.0 = Debug|Any CPU
		{2AE81786-76D2-472F-A0CB-3CCF867DF89B}.Release|Any CPU.ActiveCfg = Release|Any CPU
		{2AE81786-76D2-472F-A0CB-3CCF867DF89B}.Release|Any CPU.Build.0 = Release|Any CPU
		{C189E483-A540-4878-9536-019A30ACCD87}.Debug|Any CPU.ActiveCfg = Debug|Any CPU
		{C189E483-A540-4878-9536-019A30ACCD87}.Debug|Any CPU.Build.0 = Debug|Any CPU
		{C189E483-A540-4878-9536-019A30ACCD87}.Release|Any CPU.ActiveCfg = Release|Any CPU
		{C189E483-A540-4878-9536-019A30ACCD87}.Release|Any CPU.Build.0 = Release|Any CPU
		{AF86FA83-016E-47A6-9335-7BA897FEBE9E}.Debug|Any CPU.ActiveCfg = Debug|Any CPU
		{AF86FA83-016E-47A6-9335-7BA897FEBE9E}.Debug|Any CPU.Build.0 = Debug|Any CPU
		{AF86FA83-016E-47A6-9335-7BA897FEBE9E}.Release|Any CPU.ActiveCfg = Release|Any CPU
		{AF86FA83-016E-47A6-9335-7BA897FEBE9E}.Release|Any CPU.Build.0 = Release|Any CPU
	EndGlobalSection
	GlobalSection(SolutionProperties) = preSolution
		HideSolutionNode = FALSE
	EndGlobalSection
	GlobalSection(ExtensibilityGlobals) = postSolution
		SolutionGuid = {AAA87C6E-7F96-4C21-84E4-2F092BEE7821}
	EndGlobalSection
EndGlobal
